
Microsoft Visual Studio Solution File, Format Version 11.00
# Visual Studio 2010
Project("{FAE04EC0-301F-11D3-BF4B-00C04F79EFBC}") = "dotSearch.Bot", "BubbleSearch.Bot\dotSearch.Bot.csproj", "{D2B5F30C-5118-4BA9-B96C-DF453A102D5F}"
EndProject
Project("{FAE04EC0-301F-11D3-BF4B-00C04F79EFBC}") = "mainConsole", "mainConsole\mainConsole.csproj", "{03B353D8-9558-4E2B-868D-A0B21BBB48B9}"
EndProject
Project("{FAE04EC0-301F-11D3-BF4B-00C04F79EFBC}") = "dotSearchDataContext", "BubbleSearchDataContext\dotSearchDataContext.csproj", "{09164536-42AD-4075-99B6-5EB27AA4EFDD}"
EndProject
Project("{FAE04EC0-301F-11D3-BF4B-00C04F79EFBC}") = "dotSearch.BotApplication", "dotSearch.Bot.Application\dotSearch.BotApplication.csproj", "{57A928FF-B640-4841-A801-CC639F99B924}"
EndProject
Project("{FAE04EC0-301F-11D3-BF4B-00C04F79EFBC}") = "dotSearch.Site", "dotSearch.Site\dotSearch.Site.csproj", "{04682D46-0855-4960-A504-D78281BF4547}"
EndProject
Project("{FAE04EC0-301F-11D3-BF4B-00C04F79EFBC}") = "Lucene.Linq", "Lucene.Linq\Lucene.Linq.csproj", "{178E3DDE-5099-4646-8C62-8065F040DE18}"
EndProject
Project("{2150E333-8FDC-42A3-9474-1A3956D46DE8}") = "Solution Items", "Solution Items", "{F4223D3E-3C44-43F3-8A7A-3560EFE55D75}"
	ProjectSection(SolutionItems) = preProject
		Lucene.Net.dll = Lucene.Net.dll
	EndProjectSection
EndProject
Project("{2150E333-8FDC-42A3-9474-1A3956D46DE8}") = "HtmlAgilityPack", "HtmlAgilityPack", "{8319F3D8-CFC4-4FAB-8030-F841E749CB13}"
	ProjectSection(SolutionItems) = preProject
		HtmlAgilityPack.dll = HtmlAgilityPack.dll
		HtmlAgilityPack.pdb = HtmlAgilityPack.pdb
		HtmlAgilityPack.XML = HtmlAgilityPack.XML
	EndProjectSection
EndProject
Project("{2150E333-8FDC-42A3-9474-1A3956D46DE8}") = "JSon.NET", "JSon.NET", "{89D040C0-8DDB-412D-8CF3-EC1998C4F873}"
	ProjectSection(SolutionItems) = preProject
		Newtonsoft.Json.dll = Newtonsoft.Json.dll
	EndProjectSection
EndProject
Global
	GlobalSection(SolutionConfigurationPlatforms) = preSolution
		Debug|Any CPU = Debug|Any CPU
		Debug|Mixed Platforms = Debug|Mixed Platforms
		Debug|x86 = Debug|x86
		Release|Any CPU = Release|Any CPU
		Release|Mixed Platforms = Release|Mixed Platforms
		Release|x86 = Release|x86
	EndGlobalSection
	GlobalSection(ProjectConfigurationPlatforms) = postSolution
		{D2B5F30C-5118-4BA9-B96C-DF453A102D5F}.Debug|Any CPU.ActiveCfg = Debug|x86
		{D2B5F30C-5118-4BA9-B96C-DF453A102D5F}.Debug|Mixed Platforms.ActiveCfg = Debug|x86
		{D2B5F30C-5118-4BA9-B96C-DF453A102D5F}.Debug|Mixed Platforms.Build.0 = Debug|x86
		{D2B5F30C-5118-4BA9-B96C-DF453A102D5F}.Debug|x86.ActiveCfg = Debug|x86
		{D2B5F30C-5118-4BA9-B96C-DF453A102D5F}.Debug|x86.Build.0 = Debug|x86
		{D2B5F30C-5118-4BA9-B96C-DF453A102D5F}.Release|Any CPU.ActiveCfg = Release|x86
		{D2B5F30C-5118-4BA9-B96C-DF453A102D5F}.Release|Mixed Platforms.ActiveCfg = Release|x86
		{D2B5F30C-5118-4BA9-B96C-DF453A102D5F}.Release|Mixed Platforms.Build.0 = Release|x86
		{D2B5F30C-5118-4BA9-B96C-DF453A102D5F}.Release|x86.ActiveCfg = Release|x86
		{D2B5F30C-5118-4BA9-B96C-DF453A102D5F}.Release|x86.Build.0 = Release|x86
		{03B353D8-9558-4E2B-868D-A0B21BBB48B9}.Debug|Any CPU.ActiveCfg = Debug|x86
		{03B353D8-9558-4E2B-868D-A0B21BBB48B9}.Debug|Mixed Platforms.ActiveCfg = Debug|x86
		{03B353D8-9558-4E2B-868D-A0B21BBB48B9}.Debug|Mixed Platforms.Build.0 = Debug|x86
		{03B353D8-9558-4E2B-868D-A0B21BBB48B9}.Debug|x86.ActiveCfg = Debug|x86
		{03B353D8-9558-4E2B-868D-A0B21BBB48B9}.Debug|x86.Build.0 = Debug|x86
		{03B353D8-9558-4E2B-868D-A0B21BBB48B9}.Release|Any CPU.ActiveCfg = Release|x86
		{03B353D8-9558-4E2B-868D-A0B21BBB48B9}.Release|Mixed Platforms.ActiveCfg = Release|x86
		{03B353D8-9558-4E2B-868D-A0B21BBB48B9}.Release|Mixed Platforms.Build.0 = Release|x86
		{03B353D8-9558-4E2B-868D-A0B21BBB48B9}.Release|x86.ActiveCfg = Release|x86
		{03B353D8-9558-4E2B-868D-A0B21BBB48B9}.Release|x86.Build.0 = Release|x86
		{09164536-42AD-4075-99B6-5EB27AA4EFDD}.Debug|Any CPU.ActiveCfg = Debug|x86
		{09164536-42AD-4075-99B6-5EB27AA4EFDD}.Debug|Mixed Platforms.ActiveCfg = Debug|x86
		{09164536-42AD-4075-99B6-5EB27AA4EFDD}.Debug|Mixed Platforms.Build.0 = Debug|x86
		{09164536-42AD-4075-99B6-5EB27AA4EFDD}.Debug|x86.ActiveCfg = Debug|x86
		{09164536-42AD-4075-99B6-5EB27AA4EFDD}.Debug|x86.Build.0 = Debug|x86
		{09164536-42AD-4075-99B6-5EB27AA4EFDD}.Release|Any CPU.ActiveCfg = Release|x86
		{09164536-42AD-4075-99B6-5EB27AA4EFDD}.Release|Mixed Platforms.ActiveCfg = Release|x86
		{09164536-42AD-4075-99B6-5EB27AA4EFDD}.Release|Mixed Platforms.Build.0 = Release|x86
		{09164536-42AD-4075-99B6-5EB27AA4EFDD}.Release|x86.ActiveCfg = Release|x86
		{09164536-42AD-4075-99B6-5EB27AA4EFDD}.Release|x86.Build.0 = Release|x86
		{57A928FF-B640-4841-A801-CC639F99B924}.Debug|Any CPU.ActiveCfg = Debug|x86
		{57A928FF-B640-4841-A801-CC639F99B924}.Debug|Mixed Platforms.ActiveCfg = Debug|x86
		{57A928FF-B640-4841-A801-CC639F99B924}.Debug|Mixed Platforms.Build.0 = Debug|x86
		{57A928FF-B640-4841-A801-CC639F99B924}.Debug|x86.ActiveCfg = Debug|x86
		{57A928FF-B640-4841-A801-CC639F99B924}.Debug|x86.Build.0 = Debug|x86
		{57A928FF-B640-4841-A801-CC639F99B924}.Release|Any CPU.ActiveCfg = Release|x86
		{57A928FF-B640-4841-A801-CC639F99B924}.Release|Mixed Platforms.ActiveCfg = Release|x86
		{57A928FF-B640-4841-A801-CC639F99B924}.Release|Mixed Platforms.Build.0 = Release|x86
		{57A928FF-B640-4841-A801-CC639F99B924}.Release|x86.ActiveCfg = Release|x86
		{57A928FF-B640-4841-A801-CC639F99B924}.Release|x86.Build.0 = Release|x86
		{04682D46-0855-4960-A504-D78281BF4547}.Debug|Any CPU.ActiveCfg = Debug|Any CPU
		{04682D46-0855-4960-A504-D78281BF4547}.Debug|Any CPU.Build.0 = Debug|Any CPU
		{04682D46-0855-4960-A504-D78281BF4547}.Debug|Mixed Platforms.ActiveCfg = Debug|Any CPU
		{04682D46-0855-4960-A504-D78281BF4547}.Debug|Mixed Platforms.Build.0 = Debug|Any CPU
		{04682D46-0855-4960-A504-D78281BF4547}.Debug|x86.ActiveCfg = Debug|Any CPU
		{04682D46-0855-4960-A504-D78281BF4547}.Release|Any CPU.ActiveCfg = Release|Any CPU
		{04682D46-0855-4960-A504-D78281BF4547}.Release|Any CPU.Build.0 = Release|Any CPU
		{04682D46-0855-4960-A504-D78281BF4547}.Release|Mixed Platforms.ActiveCfg = Release|Any CPU
		{04682D46-0855-4960-A504-D78281BF4547}.Release|Mixed Platforms.Build.0 = Release|Any CPU
		{04682D46-0855-4960-A504-D78281BF4547}.Release|x86.ActiveCfg = Release|Any CPU
		{178E3DDE-5099-4646-8C62-8065F040DE18}.Debug|Any CPU.ActiveCfg = Debug|Any CPU
		{178E3DDE-5099-4646-8C62-8065F040DE18}.Debug|Any CPU.Build.0 = Debug|Any CPU
		{178E3DDE-5099-4646-8C62-8065F040DE18}.Debug|Mixed Platforms.ActiveCfg = Debug|Any CPU
		{178E3DDE-5099-4646-8C62-8065F040DE18}.Debug|Mixed Platforms.Build.0 = Debug|Any CPU
		{178E3DDE-5099-4646-8C62-8065F040DE18}.Debug|x86.ActiveCfg = Debug|Any CPU
		{178E3DDE-5099-4646-8C62-8065F040DE18}.Release|Any CPU.ActiveCfg = Release|Any CPU
		{178E3DDE-5099-4646-8C62-8065F040DE18}.Release|Any CPU.Build.0 = Release|Any CPU
		{178E3DDE-5099-4646-8C62-8065F040DE18}.Release|Mixed Platforms.ActiveCfg = Release|Any CPU
		{178E3DDE-5099-4646-8C62-8065F040DE18}.Release|Mixed Platforms.Build.0 = Release|Any CPU
		{178E3DDE-5099-4646-8C62-8065F040DE18}.Release|x86.ActiveCfg = Release|Any CPU
	EndGlobalSection
	GlobalSection(SolutionProperties) = preSolution
		HideSolutionNode = FALSE
	EndGlobalSection
	GlobalSection(NestedProjects) = preSolution
		{8319F3D8-CFC4-4FAB-8030-F841E749CB13} = {F4223D3E-3C44-43F3-8A7A-3560EFE55D75}
		{89D040C0-8DDB-412D-8CF3-EC1998C4F873} = {F4223D3E-3C44-43F3-8A7A-3560EFE55D75}
	EndGlobalSection
EndGlobal
